{
  "name": "@prd-studio/mcp",
  "version": "0.1.0",
  "lockfileVersion": 3,
  "requires": true,
  "packages": {
    "": {
      "name": "@prd-studio/mcp",
      "version": "0.1.0",
      "dependencies": {
        "@modelcontextprotocol/sdk": "^1.29.0",
        "@prisma/client": "^6.19.3",
        "zod": "^4.0.17"
      },
      "devDependencies": {
        "@types/node": "^24.0.0",
        "prisma": "^6.19.3",
        "tsx": "^4.19.4",
        "typescript": "^5.8.3"
      }
    }
  }
}
